
Microsoft Visual Studio Solution File, Format Version 12.00
Project("{FAE04EC0-301F-11D3-BF4B-00C04F79EFBC}") = "OneClickLight", "OneClickLight.csproj", "{78F62732-F03E-4D06-93AB-236A4FD8CCDB}"
EndProject
Global
	GlobalSection(SolutionConfigurationPlatforms) = preSolution
		Debug|Any CPU = Debug|Any CPU
		Release|Any CPU = Release|Any CPU
	EndGlobalSection
	GlobalSection(ProjectConfigurationPlatforms) = postSolution
		{78F62732-F03E-4D06-93AB-236A4FD8CCDB}.Debug|Any CPU.ActiveCfg = Debug|Any CPU
		{78F62732-F03E-4D06-93AB-236A4FD8CCDB}.Debug|Any CPU.Build.0 = Debug|Any CPU
		{78F62732-F03E-4D06-93AB-236A4FD8CCDB}.Release|Any CPU.ActiveCfg = Release|Any CPU
		{78F62732-F03E-4D06-93AB-236A4FD8CCDB}.Release|Any CPU.Build.0 = Release|Any CPU
	EndGlobalSection
EndGlobal
